// !$*UTF8*$!
{
	archiveVersion = 1;
	classes = {
	};
	objectVersion = 50;
	objects = {

/* Begin PBXBuildFile section */
		1CF42B3B24400C5300667CB1 /* AppDelegate.swift in Sources */ = {isa = PBXBuildFile; fileRef = 1CF42B3A24400C5300667CB1 /* AppDelegate.swift */; };
		1CF42B3D24400C5300667CB1 /* SceneDelegate.swift in Sources */ = {isa = PBXBuildFile; fileRef = 1CF42B3C24400C5300667CB1 /* SceneDelegate.swift */; };
		1CF42B3F24400C5300667CB1 /* ViewController.swift in Sources */ = {isa = PBXBuildFile; fileRef = 1CF42B3E24400C5300667CB1 /* ViewController.swift */; };
		1CF42B4224400C5300667CB1 /* Main.storyboard in Resources */ = {isa = PBXBuildFile; fileRef = 1CF42B4024400C5300667CB1 /* Main.storyboard */; };
		1CF42B4424400C5800667CB1 /* Assets.xcassets in Resources */ = {isa = PBXBuildFile; fileRef = 1CF42B4324400C5800667CB1 /* Assets.xcassets */; };
		1CF42B4724400C5800667CB1 /* LaunchScreen.storyboard in Resources */ = {isa = PBXBuildFile; fileRef = 1CF42B4524400C5800667CB1 /* LaunchScreen.storyboard */; };
		1CF42B542440132A00667CB1 /* DogAPI.swift in Sources */ = {isa = PBXBuildFile; fileRef = 1CF42B532440132A00667CB1 /* DogAPI.swift */; };
		1CF42B5624401FA900667CB1 /* DogImage.swift in Sources */ = {isa = PBXBuildFile; fileRef = 1CF42B5524401FA900667CB1 /* DogImage.swift */; };
		1CF42B582442684B00667CB1 /* BreedsResponse.swift in Sources */ = {isa = PBXBuildFile; fileRef = 1CF42B572442684B00667CB1 /* BreedsResponse.swift */; };
/* End PBXBuildFile section */

/* Begin PBXFileReference section */
		1CF42B3724400C5300667CB1 /* DogApp.app */ = {isa = PBXFileReference; explicitFileType = wrapper.application; includeInIndex = 0; path = DogApp.app; sourceTree = BUILT_PRODUCTS_DIR; };
		1CF42B3A24400C5300667CB1 /* AppDelegate.swift */ = {isa = PBXFileReference; lastKnownFileType = sourcecode.swift; path = AppDelegate.swift; sourceTree = "<group>"; };
		1CF42B3C24400C5300667CB1 /* SceneDelegate.swift */ = {isa = PBXFileReference; lastKnownFileType = sourcecode.swift; path = SceneDelegate.swift; sourceTree = "<group>"; };
		1CF42B3E24400C5300667CB1 /* ViewController.swift */ = {isa = PBXFileReference; lastKnownFileType = sourcecode.swift; path = ViewController.swift; sourceTree = "<group>"; };
		1CF42B4124400C5300667CB1 /* Base */ = {isa = PBXFileReference; lastKnownFileType = file.storyboard; name = Base; path = Base.lproj/Main.storyboard; sourceTree = "<group>"; };
		1CF42B4324400C5800667CB1 /* Assets.xcassets */ = {isa = PBXFileReference; lastKnownFileType = folder.assetcatalog; path = Assets.xcassets; sourceTree = "<group>"; };
		1CF42B4624400C5800667CB1 /* Base */ = {isa = PBXFileReference; lastKnownFileType = file.storyboard; name = Base; path = Base.lproj/LaunchScreen.storyboard; sourceTree = "<group>"; };
		1CF42B4824400C5800667CB1 /* Info.plist */ = {isa = PBXFileReference; lastKnownFileType = text.plist.xml; path = Info.plist; sourceTree = "<group>"; };
		1CF42B532440132A00667CB1 /* DogAPI.swift */ = {isa = PBXFileReference; lastKnownFileType = sourcecode.swift; path = DogAPI.swift; sourceTree = "<group>"; };
		1CF42B5524401FA900667CB1 /* DogImage.swift */ = {isa = PBXFileReference; lastKnownFileType = sourcecode.swift; path = DogImage.swift; sourceTree = "<group>"; };
		1CF42B572442684B00667CB1 /* BreedsResponse.swift */ = {isa = PBXFileReference; lastKnownFileType = sourcecode.swift; path = BreedsResponse.swift; sourceTree = "<group>"; };
/* End PBXFileReference section */

/* Begin PBXFrameworksBuildPhase section */
		1CF42B3424400C5300667CB1 /* Frameworks */ = {
			isa = PBXFrameworksBuildPhase;
			buildActionMask = 2147483647;
			files = (
			);
			runOnlyForDeploymentPostprocessing = 0;
		};
/* End PBXFrameworksBuildPhase section */

/* Begin PBXGroup section */
		1CF42B2E24400C5200667CB1 = {
			isa = PBXGroup;
			children = (
				1CF42B3924400C5300667CB1 /* DogApp */,
				1CF42B3824400C5300667CB1 /* Products */,
			);
			sourceTree = "<group>";
		};
		1CF42B3824400C5300667CB1 /* Products */ = {
			isa = PBXGroup;
			children = (
				1CF42B3724400C5300667CB1 /* DogApp.app */,
			);
			name = Products;
			sourceTree = "<group>";
		};
		1CF42B3924400C5300667CB1 /* DogApp */ = {
			isa = PBXGroup;
			children = (
				1CF42B4E24400C6E00667CB1 /* Model */,
				1CF42B5224400CCD00667CB1 /* Controller */,
				1CF42B4F24400C8D00667CB1 /* View */,
				1CF42B4824400C5800667CB1 /* Info.plist */,
			);
			path = DogApp;
			sourceTree = "<group>";
		};
		1CF42B4E24400C6E00667CB1 /* Model */ = {
			isa = PBXGroup;
			children = (
				1CF42B532440132A00667CB1 /* DogAPI.swift */,
				1CF42B5524401FA900667CB1 /* DogImage.swift */,
				1CF42B572442684B00667CB1 /* BreedsResponse.swift */,
			);
			path = Model;
			sourceTree = "<group>";
		};
		1CF42B4F24400C8D00667CB1 /* View */ = {
			isa = PBXGroup;
			children = (
				1CF42B4024400C5300667CB1 /* Main.storyboard */,
				1CF42B4324400C5800667CB1 /* Assets.xcassets */,
				1CF42B4524400C5800667CB1 /* LaunchScreen.storyboard */,
			);
			path = View;
			sourceTree = "<group>";
		};
		1CF42B5224400CCD00667CB1 /* Controller */ = {
			isa = PBXGroup;
			children = (
				1CF42B3A24400C5300667CB1 /* AppDelegate.swift */,
				1CF42B3C24400C5300667CB1 /* SceneDelegate.swift */,
				1CF42B3E24400C5300667CB1 /* ViewController.swift */,
			);
			path = Controller;
			sourceTree = "<group>";
		};
/* End PBXGroup section */

/* Begin PBXNativeTarget section */
		1CF42B3624400C5300667CB1 /* DogApp */ = {
			isa = PBXNativeTarget;
			buildConfigurationList = 1CF42B4B24400C5800667CB1 /* Build configuration list for PBXNativeTarget "DogApp" */;
			buildPhases = (
				1CF42B3324400C5300667CB1 /* Sources */,
				1CF42B3424400C5300667CB1 /* Frameworks */,
				1CF42B3524400C5300667CB1 /* Resources */,
			);
			buildRules = (
			);
			dependencies = (
			);
			name = DogApp;
			productName = DogApp;
			productReference = 1CF42B3724400C5300667CB1 /* DogApp.app */;
			productType = "com.apple.product-type.application";
		};
/* End PBXNativeTarget section */

/* Begin PBXProject section */
		1CF42B2F24400C5300667CB1 /* Project object */ = {
			isa = PBXProject;
			attributes = {
				LastSwiftUpdateCheck = 1110;
				LastUpgradeCheck = 1110;
				ORGANIZATIONNAME = "Timi Tejumola";
				TargetAttributes = {
					1CF42B3624400C5300667CB1 = {
						CreatedOnToolsVersion = 11.1;
					};
				};
			};
			buildConfigurationList = 1CF42B3224400C5300667CB1 /* Build configuration list for PBXProject "DogApp" */;
			compatibilityVersion = "Xcode 9.3";
			developmentRegion = en;
			hasScannedForEncodings = 0;
			knownRegions = (
				en,
				Base,
			);
			mainGroup = 1CF42B2E24400C5200667CB1;
			productRefGroup = 1CF42B3824400C5300667CB1 /* Products */;
			projectDirPath = "";
			projectRoot = "";
			targets = (
				1CF42B3624400C5300667CB1 /* DogApp */,
			);
		};
/* End PBXProject section */

/* Begin PBXResourcesBuildPhase section */
		1CF42B3524400C5300667CB1 /* Resources */ = {
			isa = PBXResourcesBuildPhase;
			buildActionMask = 2147483647;
			files = (
				1CF42B4724400C5800667CB1 /* LaunchScreen.storyboard in Resources */,
				1CF42B4424400C5800667CB1 /* Assets.xcassets in Resources */,
				1CF42B4224400C5300667CB1 /* Main.storyboard in Resources */,
			);
			runOnlyForDeploymentPostprocessing = 0;
		};
/* End PBXResourcesBuildPhase section */

/* Begin PBXSourcesBuildPhase section */
		1CF42B3324400C5300667CB1 /* Sources */ = {
			isa = PBXSourcesBuildPhase;
			buildActionMask = 2147483647;
			files = (
				1CF42B3F24400C5300667CB1 /* ViewController.swift in Sources */,
				1CF42B5624401FA900667CB1 /* DogImage.swift in Sources */,
				1CF42B3B24400C5300667CB1 /* AppDelegate.swift in Sources */,
				1CF42B3D24400C5300667CB1 /* SceneDelegate.swift in Sources */,
				1CF42B582442684B00667CB1 /* BreedsResponse.swift in Sources */,
				1CF42B542440132A00667CB1 /* DogAPI.swift in Sources */,
			);
			runOnlyForDeploymentPostprocessing = 0;
		};
/* End PBXSourcesBuildPhase section */

/* Begin PBXVariantGroup section */
		1CF42B4024400C5300667CB1 /* Main.storyboard */ = {
			isa = PBXVariantGroup;
			children = (
				1CF42B4124400C5300667CB1 /* Base */,
			);
			name = Main.storyboard;
			sourceTree = "<group>";
		};
		1CF42B4524400C5800667CB1 /* LaunchScreen.storyboard */ = {
			isa = PBXVariantGroup;
			children = (
				1CF42B4624400C5800667CB1 /* Base */,
			);
			name = LaunchScreen.storyboard;
			sourceTree = "<group>";
		};
/* End PBXVariantGroup section */

/* Begin XCBuildConfiguration section */
		1CF42B4924400C5800667CB1 /* Debug */ = {
			isa = XCBuildConfiguration;
			buildSettings = {
				ALWAYS_SEARCH_USER_PATHS = NO;
				CLANG_ANALYZER_NONNULL = YES;
				CLANG_ANALYZER_NUMBER_OBJECT_CONVERSION = YES_AGGRESSIVE;
				CLANG_CXX_LANGUAGE_STANDARD = "gnu++14";
				CLANG_CXX_LIBRARY = "libc++";
				CLANG_ENABLE_MODULES = YES;
				CLANG_ENABLE_OBJC_ARC = YES;
				CLANG_ENABLE_OBJC_WEAK = YES;
				CLANG_WARN_BLOCK_CAPTURE_AUTORELEASING = YES;
				CLANG_WARN_BOOL_CONVERSION = YES;
				CLANG_WARN_COMMA = YES;
				CLANG_WARN_CONSTANT_CONVERSION = YES;
				CLANG_WARN_DEPRECATED_OBJC_IMPLEMENTATIONS = YES;
				CLANG_WARN_DIRECT_OBJC_ISA_USAGE = YES_ERROR;
				CLANG_WARN_DOCUMENTATION_COMMENTS = YES;
				CLANG_WARN_EMPTY_BODY = YES;
				CLANG_WARN_ENUM_CONVERSION = YES;
				CLANG_WARN_INFINITE_RECURSION = YES;
				CLANG_WARN_INT_CONVERSION = YES;
				CLANG_WARN_NON_LITERAL_NULL_CONVERSION = YES;
				CLANG_WARN_OBJC_IMPLICIT_RETAIN_SELF = YES;
				CLANG_WARN_OBJC_LITERAL_CONVERSION = YES;
				CLANG_WARN_OBJC_ROOT_CLASS = YES_ERROR;
				CLANG_WARN_RANGE_LOOP_ANALYSIS = YES;
				CLANG_WARN_STRICT_PROTOTYPES = YES;
				CLANG_WARN_SUSPICIOUS_MOVE = YES;
				CLANG_WARN_UNGUARDED_AVAILABILITY = YES_AGGRESSIVE;
				CLANG_WARN_UNREACHABLE_CODE = YES;
				CLANG_WARN__DUPLICATE_METHOD_MATCH = YES;
				COPY_PHASE_STRIP = NO;
				DEBUG_INFORMATION_FORMAT = dwarf;
				ENABLE_STRICT_OBJC_MSGSEND = YES;
				ENABLE_TESTABILITY = YES;
				GCC_C_LANGUAGE_STANDARD = gnu11;
				GCC_DYNAMIC_NO_PIC = NO;
				GCC_NO_COMMON_BLOCKS = YES;
				GCC_OPTIMIZATION_LEVEL = 0;
				GCC_PREPROCESSOR_DEFINITIONS = (
					"DEBUG=1",
					"$(inherited)",
				);
				GCC_WARN_64_TO_32_BIT_CONVERSION = YES;
				GCC_WARN_ABOUT_RETURN_TYPE = YES_ERROR;
				GCC_WARN_UNDECLARED_SELECTOR = YES;
				GCC_WARN_UNINITIALIZED_AUTOS = YES_AGGRESSIVE;
				GCC_WARN_UNUSED_FUNCTION = YES;
				GCC_WARN_UNUSED_VARIABLE = YES;
				IPHONEOS_DEPLOYMENT_TARGET = 13.1;
				MTL_ENABLE_DEBUG_INFO = INCLUDE_SOURCE;
				MTL_FAST_MATH = YES;
				ONLY_ACTIVE_ARCH = YES;
				SDKROOT = iphoneos;
				SWIFT_ACTIVE_COMPILATION_CONDITIONS = DEBUG;
				SWIFT_OPTIMIZATION_LEVEL = "-Onone";
			};
			name = Debug;
		};
		1CF42B4A24400C5800667CB1 /* Release */ = {
			isa = XCBuildConfiguration;
			buildSettings = {
				ALWAYS_SEARCH_USER_PATHS = NO;
				CLANG_ANALYZER_NONNULL = YES;
				CLANG_ANALYZER_NUMBER_OBJECT_CONVERSION = YES_AGGRESSIVE;
				CLANG_CXX_LANGUAGE_STANDARD = "gnu++14";
				CLANG_CXX_LIBRARY = "libc++";
				CLANG_ENABLE_MODULES = YES;
				CLANG_ENABLE_OBJC_ARC = YES;
				CLANG_ENABLE_OBJC_WEAK = YES;
				CLANG_WARN_BLOCK_CAPTURE_AUTORELEASING = YES;
				CLANG_WARN_BOOL_CONVERSION = YES;
				CLANG_WARN_COMMA = YES;
				CLANG_WARN_CONSTANT_CONVERSION = YES;
				CLANG_WARN_DEPRECATED_OBJC_IMPLEMENTATIONS = YES;
				CLANG_WARN_DIRECT_OBJC_ISA_USAGE = YES_ERROR;
				CLANG_WARN_DOCUMENTATION_COMMENTS = YES;
				CLANG_WARN_EMPTY_BODY = YES;
				CLANG_WARN_ENUM_CONVERSION = YES;
				CLANG_WARN_INFINITE_RECURSION = YES;
				CLANG_WARN_INT_CONVERSION = YES;
				CLANG_WARN_NON_LITERAL_NULL_CONVERSION = YES;
				CLANG_WARN_OBJC_IMPLICIT_RETAIN_SELF = YES;
				CLANG_WARN_OBJC_LITERAL_CONVERSION = YES;
				CLANG_WARN_OBJC_ROOT_CLASS = YES_ERROR;
				CLANG_WARN_RANGE_LOOP_ANALYSIS = YES;
				CLANG_WARN_STRICT_PROTOTYPES = YES;
				CLANG_WARN_SUSPICIOUS_MOVE = YES;
				CLANG_WARN_UNGUARDED_AVAILABILITY = YES_AGGRESSIVE;
				CLANG_WARN_UNREACHABLE_CODE = YES;
				CLANG_WARN__DUPLICATE_METHOD_MATCH = YES;
				COPY_PHASE_STRIP = NO;
				DEBUG_INFORMATION_FORMAT = "dwarf-with-dsym";
				ENABLE_NS_ASSERTIONS = NO;
				ENABLE_STRICT_OBJC_MSGSEND = YES;
				GCC_C_LANGUAGE_STANDARD = gnu11;
				GCC_NO_COMMON_BLOCKS = YES;
				GCC_WARN_64_TO_32_BIT_CONVERSION = YES;
				GCC_WARN_ABOUT_RETURN_TYPE = YES_ERROR;
				GCC_WARN_UNDECLARED_SELECTOR = YES;
				GCC_WARN_UNINITIALIZED_AUTOS = YES_AGGRESSIVE;
				GCC_WARN_UNUSED_FUNCTION = YES;
				GCC_WARN_UNUSED_VARIABLE = YES;
				IPHONEOS_DEPLOYMENT_TARGET = 13.1;
				MTL_ENABLE_DEBUG_INFO = NO;
				MTL_FAST_MATH = YES;
				SDKROOT = iphoneos;
				SWIFT_COMPILATION_MODE = wholemodule;
				SWIFT_OPTIMIZATION_LEVEL = "-O";
				VALIDATE_PRODUCT = YES;
			};
			name = Release;
		};
		1CF42B4C24400C5800667CB1 /* Debug */ = {
			isa = XCBuildConfiguration;
			buildSettings = {
				ASSETCATALOG_COMPILER_APPICON_NAME = AppIcon;
				CODE_SIGN_STYLE = Automatic;
				DEVELOPMENT_TEAM = 4D76457L5H;
				INFOPLIST_FILE = DogApp/Info.plist;
				LD_RUNPATH_SEARCH_PATHS = (
					"$(inherited)",
					"@executable_path/Frameworks",
				);
				PRODUCT_BUNDLE_IDENTIFIER = timicodes.DogApp;
				PRODUCT_NAME = "$(TARGET_NAME)";
				SWIFT_VERSION = 5.0;
				TARGETED_DEVICE_FAMILY = "1,2";
			};
			name = Debug;
		};
		1CF42B4D24400C5800667CB1 /* Release */ = {
			isa = XCBuildConfiguration;
			buildSettings = {
				ASSETCATALOG_COMPILER_APPICON_NAME = AppIcon;
				CODE_SIGN_STYLE = Automatic;
				DEVELOPMENT_TEAM = 4D76457L5H;
				INFOPLIST_FILE = DogApp/Info.plist;
				LD_RUNPATH_SEARCH_PATHS = (
					"$(inherited)",
					"@executable_path/Frameworks",
				);
				PRODUCT_BUNDLE_IDENTIFIER = timicodes.DogApp;
				PRODUCT_NAME = "$(TARGET_NAME)";
				SWIFT_VERSION = 5.0;
				TARGETED_DEVICE_FAMILY = "1,2";
			};
			name = Release;
		};
/* End XCBuildConfiguration section */

/* Begin XCConfigurationList section */
		1CF42B3224400C5300667CB1 /* Build configuration list for PBXProject "DogApp" */ = {
			isa = XCConfigurationList;
			buildConfigurations = (
				1CF42B4924400C5800667CB1 /* Debug */,
				1CF42B4A24400C5800667CB1 /* Release */,
			);
			defaultConfigurationIsVisible = 0;
			defaultConfigurationName = Release;
		};
		1CF42B4B24400C5800667CB1 /* Build configuration list for PBXNativeTarget "DogApp" */ = {
			isa = XCConfigurationList;
			buildConfigurations = (
				1CF42B4C24400C5800667CB1 /* Debug */,
				1CF42B4D24400C5800667CB1 /* Release */,
			);
			defaultConfigurationIsVisible = 0;
			defaultConfigurationName = Release;
		};
/* End XCConfigurationList section */
	};
	rootObject = 1CF42B2F24400C5300667CB1 /* Project object */;
}
